# This file is automatically @generated by Cargo.
# It is not intended for manual editing.
[[package]]
name = "cc"
version = "1.0.67"
source = "registry+https://github.com/rust-lang/crates.io-index"
checksum = "e3c69b077ad434294d3ce9f1f6143a2a4b89a8a2d54ef813d85003a4fd1137fd"

[[package]]
name = "lame"
version = "0.1.3"
dependencies = [
 "lame-sys",
]

[[package]]
name = "lame-sys"
version = "0.1.3"
source = "git+https://github.com/naari3/lame-sys?rev=ab971c1#ab971c1967572fac085be136bbecc9952c0b1be2"
dependencies = [
 "cc",
 "libc",
]

[[package]]
name = "libc"
version = "0.2.88"
source = "registry+https://github.com/rust-lang/crates.io-index"
checksum = "03b07a082330a35e43f63177cc01689da34fbffa0105e1246cf0311472cac73a"
